
Microsoft Visual Studio Solution File, Format Version 12.00
# Visual Studio Version 17
VisualStudioVersion = 17.8.34525.116
MinimumVisualStudioVersion = 10.0.40219.1
Project("{FAE04EC0-301F-11D3-BF4B-00C04F79EFBC}") = "Tracker", "Tracker.csproj", "{D81A9D11-4FBF-4E09-A645-84A726ECD171}"
EndProject
Global
	GlobalSection(SolutionConfigurationPlatforms) = preSolution
		Debug|Any CPU = Debug|Any CPU
		Release|Any CPU = Release|Any CPU
	EndGlobalSection
	GlobalSection(ProjectConfigurationPlatforms) = postSolution
		{D81A9D11-4FBF-4E09-A645-84A726ECD171}.Debug|Any CPU.ActiveCfg = Debug|Any CPU
		{D81A9D11-4FBF-4E09-A645-84A726ECD171}.Debug|Any CPU.Build.0 = Debug|Any CPU
		{D81A9D11-4FBF-4E09-A645-84A726ECD171}.Release|Any CPU.ActiveCfg = Release|Any CPU
		{D81A9D11-4FBF-4E09-A645-84A726ECD171}.Release|Any CPU.Build.0 = Release|Any CPU
	EndGlobalSection
	GlobalSection(SolutionProperties) = preSolution
		HideSolutionNode = FALSE
	EndGlobalSection
	GlobalSection(ExtensibilityGlobals) = postSolution
		SolutionGuid = {326223C5-AA68-4412-A922-7EB7FDAA3D24}
	EndGlobalSection
EndGlobal
